
Microsoft Visual Studio Solution File, Format Version 12.00
# Visual Studio Version 17
VisualStudioVersion = 17.1.32228.430
MinimumVisualStudioVersion = 10.0.40219.1
Project("{FAE04EC0-301F-11D3-BF4B-00C04F79EFBC}") = "Lab5", "Lab5\Lab5.csproj", "{C2ED1D6A-2011-40FA-9428-E534EFC8F19A}"
EndProject
Global
	GlobalSection(SolutionConfigurationPlatforms) = preSolution
		Debug|Any CPU = Debug|Any CPU
		Release|Any CPU = Release|Any CPU
	EndGlobalSection
	GlobalSection(ProjectConfigurationPlatforms) = postSolution
		{C2ED1D6A-2011-40FA-9428-E534EFC8F19A}.Debug|Any CPU.ActiveCfg = Debug|Any CPU
		{C2ED1D6A-2011-40FA-9428-E534EFC8F19A}.Debug|Any CPU.Build.0 = Debug|Any CPU
		{C2ED1D6A-2011-40FA-9428-E534EFC8F19A}.Release|Any CPU.ActiveCfg = Release|Any CPU
		{C2ED1D6A-2011-40FA-9428-E534EFC8F19A}.Release|Any CPU.Build.0 = Release|Any CPU
	EndGlobalSection
	GlobalSection(SolutionProperties) = preSolution
		HideSolutionNode = FALSE
	EndGlobalSection
	GlobalSection(ExtensibilityGlobals) = postSolution
		SolutionGuid = {25980ED7-61EB-4854-BC5F-DC7C19BE3E3A}
	EndGlobalSection
EndGlobal
